# THIS IS AN AUTOGENERATED FILE. DO NOT EDIT THIS FILE DIRECTLY.
# yarn lockfile v1


async.ensureasync@^0.5.2:
  version "0.5.2"
  resolved "https://registry.yarnpkg.com/async.ensureasync/-/async.ensureasync-0.5.2.tgz#c3c7e4a4e9b31d96875d56b8504598446e1e305d"
  dependencies:
    async.util.ensureasync "0.5.2"

async.queue@^0.5.2:
  version "0.5.2"
  resolved "https://registry.yarnpkg.com/async.queue/-/async.queue-0.5.2.tgz#8d5d90812e1481066bc0904e8cc1712b17c3bd7c"
  dependencies:
    async.util.queue "0.5.2"

async.util.arrayeach@0.5.2:
  version "0.5.2"
  resolved "https://registry.yarnpkg.com/async.util.arrayeach/-/async.util.arrayeach-0.5.2.tgz#58c4e98028d55d69bfb05aeb3af44e0a555a829c"

async.util.ensureasync@0.5.2:
  version "0.5.2"
  resolved "https://registry.yarnpkg.com/async.util.ensureasync/-/async.util.ensureasync-0.5.2.tgz#10907f2cbd067a061f99ae6d22e08ced30db0d68"
  dependencies:
    async.util.restparam "0.5.2"
    async.util.setimmediate "0.5.2"

async.util.isarray@0.5.2:
  version "0.5.2"
  resolved "https://registry.yarnpkg.com/async.util.isarray/-/async.util.isarray-0.5.2.tgz#e62dac8f2636f65875dcf7521c2d24d0dfb2bbdf"

async.util.map@0.5.2:
  version "0.5.2"
  resolved "https://registry.yarnpkg.com/async.util.map/-/async.util.map-0.5.2.tgz#e588ef86e0b3ab5f027d97af4d6835d055ca69d6"

async.util.noop@0.5.2:
  version "0.5.2"
  resolved "https://registry.yarnpkg.com/async.util.noop/-/async.util.noop-0.5.2.tgz#bdd62b97cb0aa3f60b586ad148468698975e58b9"

async.util.onlyonce@0.5.2:
  version "0.5.2"
  resolved "https://registry.yarnpkg.com/async.util.onlyonce/-/async.util.onlyonce-0.5.2.tgz#b8e6fc004adc923164d79e32f2813ee465c24ff2"

async.util.queue@0.5.2:
  version "0.5.2"
  resolved "https://registry.yarnpkg.com/async.util.queue/-/async.util.queue-0.5.2.tgz#57f65abe1a3cdf273d31abd28ab95425f8222ee5"
  dependencies:
    async.util.arrayeach "0.5.2"
    async.util.isarray "0.5.2"
    async.util.map "0.5.2"
    async.util.noop "0.5.2"
    async.util.onlyonce "0.5.2"
    async.util.setimmediate "0.5.2"

async.util.restparam@0.5.2:
  version "0.5.2"
  resolved "https://registry.yarnpkg.com/async.util.restparam/-/async.util.restparam-0.5.2.tgz#03efebf3c0277b97220e525aba750f5e04fc80cd"

async.util.setimmediate@0.5.2:
  version "0.5.2"
  resolved "https://registry.yarnpkg.com/async.util.setimmediate/-/async.util.setimmediate-0.5.2.tgz#2812ebabf2a58027758d4bc7793d1ccfaf10255f"

bottleneck@^1.12.0:
  version "1.15.1"
  resolved "https://registry.yarnpkg.com/bottleneck/-/bottleneck-1.15.1.tgz#fa9fec163e01b7a6c426b87e603e656025ff0145"

debug@^2.2.0:
  version "2.6.8"
  resolved "https://registry.yarnpkg.com/debug/-/debug-2.6.8.tgz#e731531ca2ede27d188222427da17821d68ff4fc"
  dependencies:
    ms "2.0.0"

lodash.chunk@^4.2.0:
  version "4.2.0"
  resolved "https://registry.yarnpkg.com/lodash.chunk/-/lodash.chunk-4.2.0.tgz#66e5ce1f76ed27b4303d8c6512e8d1216e8106bc"

ms@2.0.0:
  version "2.0.0"
  resolved "https://registry.yarnpkg.com/ms/-/ms-2.0.0.tgz#5608aeadfc00be6c2901df5f9861788de0d597c8"
